
Microsoft Visual Studio Solution File, Format Version 12.00
# Visual Studio Version 16
VisualStudioVersion = 16.0.31605.320
MinimumVisualStudioVersion = 10.0.40219.1
Project("{2150E333-8FDC-42A3-9474-1A3956D46DE8}") = "Services", "Services", "{686C861A-2026-41F8-A7D4-0317767FD02E}"
EndProject
Project("{2150E333-8FDC-42A3-9474-1A3956D46DE8}") = "BuildingBlocks", "BuildingBlocks", "{693064AF-8257-418A-B2BB-9D195C198743}"
EndProject
Project("{2150E333-8FDC-42A3-9474-1A3956D46DE8}") = "ApiGateways", "ApiGateways", "{6D65F1A2-024B-40D3-992B-595F46D737A6}"
EndProject
Project("{2150E333-8FDC-42A3-9474-1A3956D46DE8}") = "Transport", "Transport", "{F0A7A688-91A8-4076-ACFB-360A961EA10F}"
EndProject
Project("{9A19103F-16F7-4668-BE54-9A1E7A4F7556}") = "Transport.MQTT", "src\Services\Transport\Transport.MQTT\Transport.MQTT.csproj", "{5222DDA2-DC3B-46B8-876D-A6CCC9A12012}"
EndProject
Project("{E53339B2-1760-4266-BCC7-CA923CBCF16C}") = "docker-compose", "docker-compose.dcproj", "{C4EEA91E-4E0D-42DD-B792-EE8E190C1109}"
EndProject
Project("{9A19103F-16F7-4668-BE54-9A1E7A4F7556}") = "EventBus.Messages", "BuildingBlocks\EventBus.Messages\EventBus.Messages.csproj", "{E49C87C4-B807-4E81-B826-BA94254DC4E6}"
EndProject
Project("{2150E333-8FDC-42A3-9474-1A3956D46DE8}") = "Core", "Core", "{DA1D3D44-3D7C-4469-9BA5-526F1201A2A0}"
EndProject
Project("{FAE04EC0-301F-11D3-BF4B-00C04F79EFBC}") = "Core.API", "src\Services\Core\Core.API\Core.API.csproj", "{9976115D-7E15-4561-AE1E-7F03E35C2BCC}"
EndProject
Project("{FAE04EC0-301F-11D3-BF4B-00C04F79EFBC}") = "Core.Domain", "src\Services\Core\Core.Domain\Core.Domain.csproj", "{4E544021-4605-4080-A9F4-6C1063AAF1BD}"
EndProject
Project("{FAE04EC0-301F-11D3-BF4B-00C04F79EFBC}") = "Common.Domain", "BuildingBlocks\Common.Domain\Common.Domain.csproj", "{309A3CBA-1AC2-467F-BF44-AB82539AA9DD}"
EndProject
Project("{FAE04EC0-301F-11D3-BF4B-00C04F79EFBC}") = "Core.Infrastructure", "src\Services\Core\Core.Infrastructure\Core.Infrastructure.csproj", "{52F989D3-3A21-429A-9981-9E06426E0EED}"
EndProject
Project("{FAE04EC0-301F-11D3-BF4B-00C04F79EFBC}") = "Core.Application", "src\Services\Core\Core.Application\Core.Application.csproj", "{746F944A-CF40-4B57-A0DA-F7A33A6C39BA}"
EndProject
Global
	GlobalSection(SolutionConfigurationPlatforms) = preSolution
		Debug|Any CPU = Debug|Any CPU
		Release|Any CPU = Release|Any CPU
	EndGlobalSection
	GlobalSection(ProjectConfigurationPlatforms) = postSolution
		{5222DDA2-DC3B-46B8-876D-A6CCC9A12012}.Debug|Any CPU.ActiveCfg = Debug|Any CPU
		{5222DDA2-DC3B-46B8-876D-A6CCC9A12012}.Debug|Any CPU.Build.0 = Debug|Any CPU
		{5222DDA2-DC3B-46B8-876D-A6CCC9A12012}.Release|Any CPU.ActiveCfg = Release|Any CPU
		{5222DDA2-DC3B-46B8-876D-A6CCC9A12012}.Release|Any CPU.Build.0 = Release|Any CPU
		{C4EEA91E-4E0D-42DD-B792-EE8E190C1109}.Debug|Any CPU.ActiveCfg = Debug|Any CPU
		{C4EEA91E-4E0D-42DD-B792-EE8E190C1109}.Debug|Any CPU.Build.0 = Debug|Any CPU
		{C4EEA91E-4E0D-42DD-B792-EE8E190C1109}.Release|Any CPU.ActiveCfg = Release|Any CPU
		{C4EEA91E-4E0D-42DD-B792-EE8E190C1109}.Release|Any CPU.Build.0 = Release|Any CPU
		{E49C87C4-B807-4E81-B826-BA94254DC4E6}.Debug|Any CPU.ActiveCfg = Debug|Any CPU
		{E49C87C4-B807-4E81-B826-BA94254DC4E6}.Debug|Any CPU.Build.0 = Debug|Any CPU
		{E49C87C4-B807-4E81-B826-BA94254DC4E6}.Release|Any CPU.ActiveCfg = Release|Any CPU
		{E49C87C4-B807-4E81-B826-BA94254DC4E6}.Release|Any CPU.Build.0 = Release|Any CPU
		{9976115D-7E15-4561-AE1E-7F03E35C2BCC}.Debug|Any CPU.ActiveCfg = Debug|Any CPU
		{9976115D-7E15-4561-AE1E-7F03E35C2BCC}.Debug|Any CPU.Build.0 = Debug|Any CPU
		{9976115D-7E15-4561-AE1E-7F03E35C2BCC}.Release|Any CPU.ActiveCfg = Release|Any CPU
		{9976115D-7E15-4561-AE1E-7F03E35C2BCC}.Release|Any CPU.Build.0 = Release|Any CPU
		{4E544021-4605-4080-A9F4-6C1063AAF1BD}.Debug|Any CPU.ActiveCfg = Debug|Any CPU
		{4E544021-4605-4080-A9F4-6C1063AAF1BD}.Debug|Any CPU.Build.0 = Debug|Any CPU
		{4E544021-4605-4080-A9F4-6C1063AAF1BD}.Release|Any CPU.ActiveCfg = Release|Any CPU
		{4E544021-4605-4080-A9F4-6C1063AAF1BD}.Release|Any CPU.Build.0 = Release|Any CPU
		{309A3CBA-1AC2-467F-BF44-AB82539AA9DD}.Debug|Any CPU.ActiveCfg = Debug|Any CPU
		{309A3CBA-1AC2-467F-BF44-AB82539AA9DD}.Debug|Any CPU.Build.0 = Debug|Any CPU
		{309A3CBA-1AC2-467F-BF44-AB82539AA9DD}.Release|Any CPU.ActiveCfg = Release|Any CPU
		{309A3CBA-1AC2-467F-BF44-AB82539AA9DD}.Release|Any CPU.Build.0 = Release|Any CPU
		{52F989D3-3A21-429A-9981-9E06426E0EED}.Debug|Any CPU.ActiveCfg = Debug|Any CPU
		{52F989D3-3A21-429A-9981-9E06426E0EED}.Debug|Any CPU.Build.0 = Debug|Any CPU
		{52F989D3-3A21-429A-9981-9E06426E0EED}.Release|Any CPU.ActiveCfg = Release|Any CPU
		{52F989D3-3A21-429A-9981-9E06426E0EED}.Release|Any CPU.Build.0 = Release|Any CPU
		{746F944A-CF40-4B57-A0DA-F7A33A6C39BA}.Debug|Any CPU.ActiveCfg = Debug|Any CPU
		{746F944A-CF40-4B57-A0DA-F7A33A6C39BA}.Debug|Any CPU.Build.0 = Debug|Any CPU
		{746F944A-CF40-4B57-A0DA-F7A33A6C39BA}.Release|Any CPU.ActiveCfg = Release|Any CPU
		{746F944A-CF40-4B57-A0DA-F7A33A6C39BA}.Release|Any CPU.Build.0 = Release|Any CPU
	EndGlobalSection
	GlobalSection(SolutionProperties) = preSolution
		HideSolutionNode = FALSE
	EndGlobalSection
	GlobalSection(NestedProjects) = preSolution
		{F0A7A688-91A8-4076-ACFB-360A961EA10F} = {686C861A-2026-41F8-A7D4-0317767FD02E}
		{5222DDA2-DC3B-46B8-876D-A6CCC9A12012} = {F0A7A688-91A8-4076-ACFB-360A961EA10F}
		{E49C87C4-B807-4E81-B826-BA94254DC4E6} = {693064AF-8257-418A-B2BB-9D195C198743}
		{DA1D3D44-3D7C-4469-9BA5-526F1201A2A0} = {686C861A-2026-41F8-A7D4-0317767FD02E}
		{9976115D-7E15-4561-AE1E-7F03E35C2BCC} = {DA1D3D44-3D7C-4469-9BA5-526F1201A2A0}
		{4E544021-4605-4080-A9F4-6C1063AAF1BD} = {DA1D3D44-3D7C-4469-9BA5-526F1201A2A0}
		{309A3CBA-1AC2-467F-BF44-AB82539AA9DD} = {693064AF-8257-418A-B2BB-9D195C198743}
		{52F989D3-3A21-429A-9981-9E06426E0EED} = {DA1D3D44-3D7C-4469-9BA5-526F1201A2A0}
		{746F944A-CF40-4B57-A0DA-F7A33A6C39BA} = {DA1D3D44-3D7C-4469-9BA5-526F1201A2A0}
	EndGlobalSection
	GlobalSection(ExtensibilityGlobals) = postSolution
		SolutionGuid = {D554EA83-768C-4D7F-9C82-A5D3DDC8A0CD}
	EndGlobalSection
EndGlobal
